// !$*UTF8*$!
{
	archiveVersion = 1;
	classes = {
	};
	objectVersion = 46;
	objects = {

/* Begin PBXFileReference section */
		0C43ED971A62AED60059AD93 /* Code-Generation.xcconfig */ = {isa = PBXFileReference; lastKnownFileType = text.xcconfig; path = "Code-Generation.xcconfig"; sourceTree = "<group>"; };
		0C43ED991A62AED60059AD93 /* Language-CPP.xcconfig */ = {isa = PBXFileReference; lastKnownFileType = text.xcconfig; path = "Language-CPP.xcconfig"; sourceTree = "<group>"; };
		0C43ED9A1A62AED60059AD93 /* Language-Modules.xcconfig */ = {isa = PBXFileReference; lastKnownFileType = text.xcconfig; path = "Language-Modules.xcconfig"; sourceTree = "<group>"; };
		0C43ED9B1A62AED60059AD93 /* Language-Objective-C.xcconfig */ = {isa = PBXFileReference; lastKnownFileType = text.xcconfig; path = "Language-Objective-C.xcconfig"; sourceTree = "<group>"; };
		0C43ED9C1A62AED60059AD93 /* Language.xcconfig */ = {isa = PBXFileReference; lastKnownFileType = text.xcconfig; path = Language.xcconfig; sourceTree = "<group>"; };
		0C43ED9D1A62AED60059AD93 /* Language.xcconfig */ = {isa = PBXFileReference; lastKnownFileType = text.xcconfig; path = Language.xcconfig; sourceTree = "<group>"; };
		0C43ED9F1A62AED60059AD93 /* Static-Analyzer-Analysis-Policy.xcconfig */ = {isa = PBXFileReference; lastKnownFileType = text.xcconfig; path = "Static-Analyzer-Analysis-Policy.xcconfig"; sourceTree = "<group>"; };
		0C43EDA01A62AED60059AD93 /* Static-Analyzer-Generic.xcconfig */ = {isa = PBXFileReference; lastKnownFileType = text.xcconfig; path = "Static-Analyzer-Generic.xcconfig"; sourceTree = "<group>"; };
		0C43EDA11A62AED60059AD93 /* Static-Analyzer-Objective-C.xcconfig */ = {isa = PBXFileReference; lastKnownFileType = text.xcconfig; path = "Static-Analyzer-Objective-C.xcconfig"; sourceTree = "<group>"; };
		0C43EDA21A62AED60059AD93 /* Static-Analyzer-Security.xcconfig */ = {isa = PBXFileReference; lastKnownFileType = text.xcconfig; path = "Static-Analyzer-Security.xcconfig"; sourceTree = "<group>"; };
		0C43EDA31A62AED60059AD93 /* Static-Analyzer.xcconfig */ = {isa = PBXFileReference; lastKnownFileType = text.xcconfig; path = "Static-Analyzer.xcconfig"; sourceTree = "<group>"; };
		0C43EDA51A62AED60059AD93 /* Warnings-All-Languages.xcconfig */ = {isa = PBXFileReference; lastKnownFileType = text.xcconfig; path = "Warnings-All-Languages.xcconfig"; sourceTree = "<group>"; };
		0C43EDA61A62AED60059AD93 /* Warnings-CPP.xcconfig */ = {isa = PBXFileReference; lastKnownFileType = text.xcconfig; path = "Warnings-CPP.xcconfig"; sourceTree = "<group>"; };
		0C43EDA71A62AED60059AD93 /* Warnings-Objective-C-ARC.xcconfig */ = {isa = PBXFileReference; lastKnownFileType = text.xcconfig; path = "Warnings-Objective-C-ARC.xcconfig"; sourceTree = "<group>"; };
		0C43EDA81A62AED60059AD93 /* Warnings-Objective-C.xcconfig */ = {isa = PBXFileReference; lastKnownFileType = text.xcconfig; path = "Warnings-Objective-C.xcconfig"; sourceTree = "<group>"; };
		0C43EDA91A62AED60059AD93 /* Warnings-Policies.xcconfig */ = {isa = PBXFileReference; lastKnownFileType = text.xcconfig; path = "Warnings-Policies.xcconfig"; sourceTree = "<group>"; };
		0C43EDAA1A62AED60059AD93 /* Warnings.xcconfig */ = {isa = PBXFileReference; lastKnownFileType = text.xcconfig; path = Warnings.xcconfig; sourceTree = "<group>"; };
		0C43EDAB1A62AED60059AD93 /* Base.xcconfig */ = {isa = PBXFileReference; lastKnownFileType = text.xcconfig; path = Base.xcconfig; sourceTree = "<group>"; };
		0C43EDAD1A62AED60059AD93 /* Debug.xcconfig */ = {isa = PBXFileReference; lastKnownFileType = text.xcconfig; path = Debug.xcconfig; sourceTree = "<group>"; };
		0C43EDAE1A62AED60059AD93 /* Release.xcconfig */ = {isa = PBXFileReference; lastKnownFileType = text.xcconfig; path = Release.xcconfig; sourceTree = "<group>"; };
		0C43EDB01A62AED60059AD93 /* iOS.xcconfig */ = {isa = PBXFileReference; lastKnownFileType = text.xcconfig; path = iOS.xcconfig; sourceTree = "<group>"; };
		0C43EDB11A62AED60059AD93 /* OSX.xcconfig */ = {isa = PBXFileReference; lastKnownFileType = text.xcconfig; path = OSX.xcconfig; sourceTree = "<group>"; };
		0C43EDB31A62AED60059AD93 /* Swift-Bridge.xcconfig */ = {isa = PBXFileReference; lastKnownFileType = text.xcconfig; path = "Swift-Bridge.xcconfig"; sourceTree = "<group>"; };
		0C43EDB41A62AED60059AD93 /* Swift.xcconfig */ = {isa = PBXFileReference; lastKnownFileType = text.xcconfig; path = Swift.xcconfig; sourceTree = "<group>"; };
		0C43EDB71A62AED60059AD93 /* Application.xcconfig */ = {isa = PBXFileReference; lastKnownFileType = text.xcconfig; path = Application.xcconfig; sourceTree = "<group>"; };
		0C43EDB81A62AED60059AD93 /* Framework.xcconfig */ = {isa = PBXFileReference; lastKnownFileType = text.xcconfig; path = Framework.xcconfig; sourceTree = "<group>"; };
		0C43EDBA1A62AED60059AD93 /* Embedded.xcconfig */ = {isa = PBXFileReference; lastKnownFileType = text.xcconfig; path = Embedded.xcconfig; sourceTree = "<group>"; };
		0C43EDBB1A62AED60059AD93 /* Embedding-Swift.xcconfig */ = {isa = PBXFileReference; lastKnownFileType = text.xcconfig; path = "Embedding-Swift.xcconfig"; sourceTree = "<group>"; };
		0C43EDBC1A62AED60059AD93 /* Embedding.xcconfig */ = {isa = PBXFileReference; lastKnownFileType = text.xcconfig; path = Embedding.xcconfig; sourceTree = "<group>"; };
		0C43EDBD1A62AED60059AD93 /* Module.xcconfig */ = {isa = PBXFileReference; lastKnownFileType = text.xcconfig; path = Module.xcconfig; sourceTree = "<group>"; };
		0C43EDBE1A62AED60059AD93 /* Static-Lib.xcconfig */ = {isa = PBXFileReference; lastKnownFileType = text.xcconfig; path = "Static-Lib.xcconfig"; sourceTree = "<group>"; };
		0C43EDC01A62AED60059AD93 /* Temp.xcconfig */ = {isa = PBXFileReference; lastKnownFileType = text.xcconfig; path = Temp.xcconfig; sourceTree = "<group>"; };
		0C43EDC11A62AED60059AD93 /* Template.xcconfig */ = {isa = PBXFileReference; lastKnownFileType = text.xcconfig; path = Template.xcconfig; sourceTree = "<group>"; };
/* End PBXFileReference section */

/* Begin PBXGroup section */
		0C43ED951A62AED60059AD93 /* XCConfig */ = {
			isa = PBXGroup;
			children = (
				0C43ED961A62AED60059AD93 /* Base */,
				0C43EDAB1A62AED60059AD93 /* Base.xcconfig */,
				0C43EDAC1A62AED60059AD93 /* Configurations */,
				0C43EDAF1A62AED60059AD93 /* Platforms */,
				0C43EDB21A62AED60059AD93 /* Swift */,
				0C43EDB51A62AED60059AD93 /* Targets */,
				0C43EDBF1A62AED60059AD93 /* Template */,
			);
			path = XCConfig;
			sourceTree = "<group>";
		};
		0C43ED961A62AED60059AD93 /* Base */ = {
			isa = PBXGroup;
			children = (
				0C43ED971A62AED60059AD93 /* Code-Generation.xcconfig */,
				0C43ED981A62AED60059AD93 /* Language */,
				0C43ED9D1A62AED60059AD93 /* Language.xcconfig */,
				0C43ED9E1A62AED60059AD93 /* Static Analyzer */,
				0C43EDA31A62AED60059AD93 /* Static-Analyzer.xcconfig */,
				0C43EDA41A62AED60059AD93 /* Warnings */,
				0C43EDAA1A62AED60059AD93 /* Warnings.xcconfig */,
			);
			path = Base;
			sourceTree = "<group>";
		};
		0C43ED981A62AED60059AD93 /* Language */ = {
			isa = PBXGroup;
			children = (
				0C43ED991A62AED60059AD93 /* Language-CPP.xcconfig */,
				0C43ED9A1A62AED60059AD93 /* Language-Modules.xcconfig */,
				0C43ED9B1A62AED60059AD93 /* Language-Objective-C.xcconfig */,
				0C43ED9C1A62AED60059AD93 /* Language.xcconfig */,
			);
			path = Language;
			sourceTree = "<group>";
		};
		0C43ED9E1A62AED60059AD93 /* Static Analyzer */ = {
			isa = PBXGroup;
			children = (
				0C43ED9F1A62AED60059AD93 /* Static-Analyzer-Analysis-Policy.xcconfig */,
				0C43EDA01A62AED60059AD93 /* Static-Analyzer-Generic.xcconfig */,
				0C43EDA11A62AED60059AD93 /* Static-Analyzer-Objective-C.xcconfig */,
				0C43EDA21A62AED60059AD93 /* Static-Analyzer-Security.xcconfig */,
			);
			path = "Static Analyzer";
			sourceTree = "<group>";
		};
		0C43EDA41A62AED60059AD93 /* Warnings */ = {
			isa = PBXGroup;
			children = (
				0C43EDA51A62AED60059AD93 /* Warnings-All-Languages.xcconfig */,
				0C43EDA61A62AED60059AD93 /* Warnings-CPP.xcconfig */,
				0C43EDA71A62AED60059AD93 /* Warnings-Objective-C-ARC.xcconfig */,
				0C43EDA81A62AED60059AD93 /* Warnings-Objective-C.xcconfig */,
				0C43EDA91A62AED60059AD93 /* Warnings-Policies.xcconfig */,
			);
			path = Warnings;
			sourceTree = "<group>";
		};
		0C43EDAC1A62AED60059AD93 /* Configurations */ = {
			isa = PBXGroup;
			children = (
				0C43EDAD1A62AED60059AD93 /* Debug.xcconfig */,
				0C43EDAE1A62AED60059AD93 /* Release.xcconfig */,
			);
			path = Configurations;
			sourceTree = "<group>";
		};
		0C43EDAF1A62AED60059AD93 /* Platforms */ = {
			isa = PBXGroup;
			children = (
				0C43EDB01A62AED60059AD93 /* iOS.xcconfig */,
				0C43EDB11A62AED60059AD93 /* OSX.xcconfig */,
			);
			path = Platforms;
			sourceTree = "<group>";
		};
		0C43EDB21A62AED60059AD93 /* Swift */ = {
			isa = PBXGroup;
			children = (
				0C43EDB31A62AED60059AD93 /* Swift-Bridge.xcconfig */,
				0C43EDB41A62AED60059AD93 /* Swift.xcconfig */,
			);
			path = Swift;
			sourceTree = "<group>";
		};
		0C43EDB51A62AED60059AD93 /* Targets */ = {
			isa = PBXGroup;
			children = (
				0C43EDB71A62AED60059AD93 /* Application.xcconfig */,
				0C43EDB81A62AED60059AD93 /* Framework.xcconfig */,
				0C43EDB91A62AED60059AD93 /* Modifiers */,
				0C43EDBE1A62AED60059AD93 /* Static-Lib.xcconfig */,
			);
			path = Targets;
			sourceTree = "<group>";
		};
		0C43EDB91A62AED60059AD93 /* Modifiers */ = {
			isa = PBXGroup;
			children = (
				0C43EDBA1A62AED60059AD93 /* Embedded.xcconfig */,
				0C43EDBB1A62AED60059AD93 /* Embedding-Swift.xcconfig */,
				0C43EDBC1A62AED60059AD93 /* Embedding.xcconfig */,
				0C43EDBD1A62AED60059AD93 /* Module.xcconfig */,
			);
			path = Modifiers;
			sourceTree = "<group>";
		};
		0C43EDBF1A62AED60059AD93 /* Template */ = {
			isa = PBXGroup;
			children = (
				0C43EDC01A62AED60059AD93 /* Temp.xcconfig */,
				0C43EDC11A62AED60059AD93 /* Template.xcconfig */,
			);
			path = Template;
			sourceTree = "<group>";
		};
		0CB7E6501A5F1EB0006B08C4 = {
			isa = PBXGroup;
			children = (
				0C43ED951A62AED60059AD93 /* XCConfig */,
			);
			sourceTree = "<group>";
		};
/* End PBXGroup section */

/* Begin PBXProject section */
		0CB7E6511A5F1EB0006B08C4 /* Project object */ = {
			isa = PBXProject;
			attributes = {
				LastUpgradeCheck = 0610;
			};
			buildConfigurationList = 0CB7E6541A5F1EB0006B08C4 /* Build configuration list for PBXProject "XCConfig" */;
			compatibilityVersion = "Xcode 3.2";
			developmentRegion = English;
			hasScannedForEncodings = 0;
			knownRegions = (
				en,
			);
			mainGroup = 0CB7E6501A5F1EB0006B08C4;
			projectDirPath = "";
			projectRoot = "";
			targets = (
			);
		};
/* End PBXProject section */

/* Begin XCBuildConfiguration section */
		0CB7E6551A5F1EB0006B08C4 /* Debug */ = {
			isa = XCBuildConfiguration;
			buildSettings = {
			};
			name = Debug;
		};
		0CB7E6561A5F1EB0006B08C4 /* Release */ = {
			isa = XCBuildConfiguration;
			buildSettings = {
			};
			name = Release;
		};
/* End XCBuildConfiguration section */

/* Begin XCConfigurationList section */
		0CB7E6541A5F1EB0006B08C4 /* Build configuration list for PBXProject "XCConfig" */ = {
			isa = XCConfigurationList;
			buildConfigurations = (
				0CB7E6551A5F1EB0006B08C4 /* Debug */,
				0CB7E6561A5F1EB0006B08C4 /* Release */,
			);
			defaultConfigurationIsVisible = 0;
			defaultConfigurationName = Release;
		};
/* End XCConfigurationList section */
	};
	rootObject = 0CB7E6511A5F1EB0006B08C4 /* Project object */;
}
